
Microsoft Visual Studio Solution File, Format Version 12.00
# Visual Studio Version 17
VisualStudioVersion = 17.10.35013.160
MinimumVisualStudioVersion = 10.0.40219.1
Project("{9A19103F-16F7-4668-BE54-9A1E7A4F7556}") = "Iprogs.Matesup.CoreAPI", "Iprogs.Matesup.CoreAPI\Iprogs.Matesup.CoreAPI.csproj", "{EE050442-BCB7-4269-92B5-388CC6DE4494}"
EndProject
Global
	GlobalSection(SolutionConfigurationPlatforms) = preSolution
		Debug|Any CPU = Debug|Any CPU
		Release|Any CPU = Release|Any CPU
	EndGlobalSection
	GlobalSection(ProjectConfigurationPlatforms) = postSolution
		{EE050442-BCB7-4269-92B5-388CC6DE4494}.Debug|Any CPU.ActiveCfg = Debug|Any CPU
		{EE050442-BCB7-4269-92B5-388CC6DE4494}.Debug|Any CPU.Build.0 = Debug|Any CPU
		{EE050442-BCB7-4269-92B5-388CC6DE4494}.Release|Any CPU.ActiveCfg = Release|Any CPU
		{EE050442-BCB7-4269-92B5-388CC6DE4494}.Release|Any CPU.Build.0 = Release|Any CPU
	EndGlobalSection
	GlobalSection(SolutionProperties) = preSolution
		HideSolutionNode = FALSE
	EndGlobalSection
	GlobalSection(ExtensibilityGlobals) = postSolution
		SolutionGuid = {2E81311D-3C91-4EE6-99E1-697B3D69ACBC}
	EndGlobalSection
	GlobalSection(TeamFoundationVersionControl) = preSolution
		SccNumberOfProjects = 2
		SccEnterpriseProvider = {4CA58AB2-18FA-4F8D-95D4-32DDF27D184C}
		SccTeamFoundationServer = https://iprogssolutions.visualstudio.com/defaultcollection
		SccLocalPath0 = .
		SccProjectUniqueName1 = Iprogs.Matesup.CoreAPI\\Iprogs.Matesup.CoreAPI.csproj
		SccProjectName1 = Iprogs.Matesup.CoreAPI
		SccLocalPath1 = Iprogs.Matesup.CoreAPI
	EndGlobalSection
EndGlobal
